
Microsoft Visual Studio Solution File, Format Version 12.00
# Visual Studio 15
VisualStudioVersion = 15.0.28307.1062
MinimumVisualStudioVersion = 10.0.40219.1
Project("{FAE04EC0-301F-11D3-BF4B-00C04F79EFBC}") = "Enchantment", "Enchantment\Enchantment.csproj", "{ACF17505-D254-4531-8FD6-3AD966CF6572}"
EndProject
Global
	GlobalSection(SolutionConfigurationPlatforms) = preSolution
		Debug|Any CPU = Debug|Any CPU
		Release|Any CPU = Release|Any CPU
	EndGlobalSection
	GlobalSection(ProjectConfigurationPlatforms) = postSolution
		{ACF17505-D254-4531-8FD6-3AD966CF6572}.Debug|Any CPU.ActiveCfg = Debug|Any CPU
		{ACF17505-D254-4531-8FD6-3AD966CF6572}.Debug|Any CPU.Build.0 = Debug|Any CPU
		{ACF17505-D254-4531-8FD6-3AD966CF6572}.Release|Any CPU.ActiveCfg = Release|Any CPU
		{ACF17505-D254-4531-8FD6-3AD966CF6572}.Release|Any CPU.Build.0 = Release|Any CPU
	EndGlobalSection
	GlobalSection(SolutionProperties) = preSolution
		HideSolutionNode = FALSE
	EndGlobalSection
	GlobalSection(ExtensibilityGlobals) = postSolution
		SolutionGuid = {6196D77B-C82F-4165-823C-CF3384075509}
	EndGlobalSection
EndGlobal
